
Microsoft Visual Studio Solution File, Format Version 12.00
# Visual Studio Version 17
VisualStudioVersion = 17.7.34031.279
MinimumVisualStudioVersion = 10.0.40219.1
Project("{FAE04EC0-301F-11D3-BF4B-00C04F79EFBC}") = "Lucas_Said_6._1A_HomeAssignment", "Lucas_Said_6.1A_HomeAssignment\Lucas_Said_6._1A_HomeAssignment.csproj", "{7655282E-5449-4449-A8DC-6ABAD47696A5}"
	ProjectSection(ProjectDependencies) = postProject
		{7C914495-A3DD-4014-B15E-7840B34CE818} = {7C914495-A3DD-4014-B15E-7840B34CE818}
	EndProjectSection
EndProject
Project("{FAE04EC0-301F-11D3-BF4B-00C04F79EFBC}") = "DataAccessLayer", "DataAccessLayer\DataAccessLayer.csproj", "{6021DD81-88CE-4038-B0C9-4D2DB6BC3C4F}"
EndProject
Project("{FAE04EC0-301F-11D3-BF4B-00C04F79EFBC}") = "DataLayer", "DataLayer\DataLayer.csproj", "{59142000-A008-40A7-9038-EEDF62BC79C2}"
EndProject
Project("{FAE04EC0-301F-11D3-BF4B-00C04F79EFBC}") = "ConnectionLayer", "ConnectionString\ConnectionLayer.csproj", "{7C914495-A3DD-4014-B15E-7840B34CE818}"
EndProject
Global
	GlobalSection(SolutionConfigurationPlatforms) = preSolution
		Debug|Any CPU = Debug|Any CPU
		Release|Any CPU = Release|Any CPU
	EndGlobalSection
	GlobalSection(ProjectConfigurationPlatforms) = postSolution
		{7655282E-5449-4449-A8DC-6ABAD47696A5}.Debug|Any CPU.ActiveCfg = Debug|Any CPU
		{7655282E-5449-4449-A8DC-6ABAD47696A5}.Debug|Any CPU.Build.0 = Debug|Any CPU
		{7655282E-5449-4449-A8DC-6ABAD47696A5}.Release|Any CPU.ActiveCfg = Release|Any CPU
		{7655282E-5449-4449-A8DC-6ABAD47696A5}.Release|Any CPU.Build.0 = Release|Any CPU
		{6021DD81-88CE-4038-B0C9-4D2DB6BC3C4F}.Debug|Any CPU.ActiveCfg = Debug|Any CPU
		{6021DD81-88CE-4038-B0C9-4D2DB6BC3C4F}.Debug|Any CPU.Build.0 = Debug|Any CPU
		{6021DD81-88CE-4038-B0C9-4D2DB6BC3C4F}.Release|Any CPU.ActiveCfg = Release|Any CPU
		{6021DD81-88CE-4038-B0C9-4D2DB6BC3C4F}.Release|Any CPU.Build.0 = Release|Any CPU
		{59142000-A008-40A7-9038-EEDF62BC79C2}.Debug|Any CPU.ActiveCfg = Debug|Any CPU
		{59142000-A008-40A7-9038-EEDF62BC79C2}.Debug|Any CPU.Build.0 = Debug|Any CPU
		{59142000-A008-40A7-9038-EEDF62BC79C2}.Release|Any CPU.ActiveCfg = Release|Any CPU
		{59142000-A008-40A7-9038-EEDF62BC79C2}.Release|Any CPU.Build.0 = Release|Any CPU
		{7C914495-A3DD-4014-B15E-7840B34CE818}.Debug|Any CPU.ActiveCfg = Debug|Any CPU
		{7C914495-A3DD-4014-B15E-7840B34CE818}.Debug|Any CPU.Build.0 = Debug|Any CPU
		{7C914495-A3DD-4014-B15E-7840B34CE818}.Release|Any CPU.ActiveCfg = Release|Any CPU
		{7C914495-A3DD-4014-B15E-7840B34CE818}.Release|Any CPU.Build.0 = Release|Any CPU
	EndGlobalSection
	GlobalSection(SolutionProperties) = preSolution
		HideSolutionNode = FALSE
	EndGlobalSection
	GlobalSection(ExtensibilityGlobals) = postSolution
		SolutionGuid = {22117F99-E7BE-4691-AFF3-AE39FE73F012}
	EndGlobalSection
EndGlobal
